{
  "name": "AlertWizard",
  "version": "6.3.0",
  "lockfileVersion": 3,
  "requires": true,
  "packages": {
    "": {
      "name": "AlertWizard",
      "version": "6.3.0",
      "license": "SSPL-1.0",
      "dependencies": {
        "create-react-class": "^15.7.0"
      },
      "devDependencies": {
        "graylog-web-plugin": "file:../graylog2-server/graylog2-web-interface/packages/graylog-web-plugin",
        "react-intl": "^6.4.2",
        "typeahead.js": "^0.11.1"
      }
    },
    "../graylog2-server/graylog2-web-interface/packages/graylog-web-plugin": {
      "version": "6.3.7",
      "dev": true,
      "license": "SSPL-1.0",
      "dependencies": {
        "@graylog/sawmill": "2.0.24",
        "@reduxjs/toolkit": "^2.5.1",
        "@tanstack/react-query": "4.36.1",
        "@types/jquery": "3.5.32",
        "@types/react": "18.3.13",
        "babel-preset-graylog": "file:../babel-preset-graylog",
        "eslint-config-graylog": "file:../eslint-config-graylog",
        "formik": "2.4.6",
        "history": "^5.3.0",
        "html-webpack-plugin": "^5.5.0",
        "jest-preset-graylog": "file:../jest-preset-graylog",
        "jquery": "3.7.1",
        "moment": "2.30.1",
        "moment-timezone": "0.6.0",
        "react": "18.3.1",
        "react-dom": "18.2.0",
        "react-redux": "^9.2.0",
        "react-router-bootstrap": "0.26.3",
        "react-router-dom": "6.27.0",
        "redux": "^5.0.1",
        "reflux": "0.2.13",
        "styled-components": "6.1.1",
        "typescript": "5.8.3",
        "use-query-params": "^2.2.0",
        "webpack": "5.99.9",
        "webpack-cli": "6.0.1",
        "webpack-merge": "4.2.2"
      }
    },
    "node_modules/@formatjs/ecma402-abstract": {
      "version": "2.2.4",
      "resolved": "https://registry.npmjs.org/@formatjs/ecma402-abstract/-/ecma402-abstract-2.2.4.tgz",
      "integrity": "sha512-lFyiQDVvSbQOpU+WFd//ILolGj4UgA/qXrKeZxdV14uKiAUiPAtX6XAn7WBCRi7Mx6I7EybM9E5yYn4BIpZWYg==",
      "dev": true,
      "license": "MIT",
      "dependencies": {
        "@formatjs/fast-memoize": "2.2.3",
        "@formatjs/intl-localematcher": "0.5.8",
        "tslib": "2"
      }
    },
    "node_modules/@formatjs/fast-memoize": {
      "version": "2.2.3",
      "resolved": "https://registry.npmjs.org/@formatjs/fast-memoize/-/fast-memoize-2.2.3.tgz",
      "integrity": "sha512-3jeJ+HyOfu8osl3GNSL4vVHUuWFXR03Iz9jjgI7RwjG6ysu/Ymdr0JRCPHfF5yGbTE6JCrd63EpvX1/WybYRbA==",
      "dev": true,
      "license": "MIT",
      "dependencies": {
        "tslib": "2"
      }
    },
    "node_modules/@formatjs/icu-messageformat-parser": {
      "version": "2.9.4",
      "resolved": "https://registry.npmjs.org/@formatjs/icu-messageformat-parser/-/icu-messageformat-parser-2.9.4.tgz",
      "integrity": "sha512-Tbvp5a9IWuxUcpWNIW6GlMQYEc4rwNHR259uUFoKWNN1jM9obf9Ul0e+7r7MvFOBNcN+13K7NuKCKqQiAn1QEg==",
      "dev": true,
      "license": "MIT",
      "dependencies": {
        "@formatjs/ecma402-abstract": "2.2.4",
        "@formatjs/icu-skeleton-parser": "1.8.8",
        "tslib": "2"
      }
    },
    "node_modules/@formatjs/icu-skeleton-parser": {
      "version": "1.8.8",
      "resolved": "https://registry.npmjs.org/@formatjs/icu-skeleton-parser/-/icu-skeleton-parser-1.8.8.tgz",
      "integrity": "sha512-vHwK3piXwamFcx5YQdCdJxUQ1WdTl6ANclt5xba5zLGDv5Bsur7qz8AD7BevaKxITwpgDeU0u8My3AIibW9ywA==",
      "dev": true,
      "license": "MIT",
      "dependencies": {
        "@formatjs/ecma402-abstract": "2.2.4",
        "tslib": "2"
      }
    },
    "node_modules/@formatjs/intl": {
      "version": "2.10.15",
      "resolved": "https://registry.npmjs.org/@formatjs/intl/-/intl-2.10.15.tgz",
      "integrity": "sha512-i6+xVqT+6KCz7nBfk4ybMXmbKO36tKvbMKtgFz9KV+8idYFyFbfwKooYk8kGjyA5+T5f1kEPQM5IDLXucTAQ9g==",
      "dev": true,
      "license": "MIT",
      "dependencies": {
        "@formatjs/ecma402-abstract": "2.2.4",
        "@formatjs/fast-memoize": "2.2.3",
        "@formatjs/icu-messageformat-parser": "2.9.4",
        "@formatjs/intl-displaynames": "6.8.5",
        "@formatjs/intl-listformat": "7.7.5",
        "intl-messageformat": "10.7.7",
        "tslib": "2"
      },
      "peerDependencies": {
        "typescript": "^4.7 || 5"
      },
      "peerDependenciesMeta": {
        "typescript": {
          "optional": true
        }
      }
    },
    "node_modules/@formatjs/intl-displaynames": {
      "version": "6.8.5",
      "resolved": "https://registry.npmjs.org/@formatjs/intl-displaynames/-/intl-displaynames-6.8.5.tgz",
      "integrity": "sha512-85b+GdAKCsleS6cqVxf/Aw/uBd+20EM0wDpgaxzHo3RIR3bxF4xCJqH/Grbzx8CXurTgDDZHPdPdwJC+May41w==",
      "dev": true,
      "license": "MIT",
      "dependencies": {
        "@formatjs/ecma402-abstract": "2.2.4",
        "@formatjs/intl-localematcher": "0.5.8",
        "tslib": "2"
      }
    },
    "node_modules/@formatjs/intl-listformat": {
      "version": "7.7.5",
      "resolved": "https://registry.npmjs.org/@formatjs/intl-listformat/-/intl-listformat-7.7.5.tgz",
      "integrity": "sha512-Wzes10SMNeYgnxYiKsda4rnHP3Q3II4XT2tZyOgnH5fWuHDtIkceuWlRQNsvrI3uiwP4hLqp2XdQTCsfkhXulg==",
      "dev": true,
      "license": "MIT",
      "dependencies": {
        "@formatjs/ecma402-abstract": "2.2.4",
        "@formatjs/intl-localematcher": "0.5.8",
        "tslib": "2"
      }
    },
    "node_modules/@formatjs/intl-localematcher": {
      "version": "0.5.8",
      "resolved": "https://registry.npmjs.org/@formatjs/intl-localematcher/-/intl-localematcher-0.5.8.tgz",
      "integrity": "sha512-I+WDNWWJFZie+jkfkiK5Mp4hEDyRSEvmyfYadflOno/mmKJKcB17fEpEH0oJu/OWhhCJ8kJBDz2YMd/6cDl7Mg==",
      "dev": true,
      "license": "MIT",
      "dependencies": {
        "tslib": "2"
      }
    },
    "node_modules/@types/prop-types": {
      "version": "15.7.15",
      "resolved": "https://registry.npmjs.org/@types/prop-types/-/prop-types-15.7.15.tgz",
      "integrity": "sha512-F6bEyamV9jKGAFBEmlQnesRPGOQqS2+Uwi0Em15xenOxHaf2hv6L8YCVn3rPdPJOiJfPiCnLIRyvwVaqMY3MIw==",
      "dev": true,
      "license": "MIT"
    },
    "node_modules/create-react-class": {
      "version": "15.7.0",
      "resolved": "https://registry.npmjs.org/create-react-class/-/create-react-class-15.7.0.tgz",
      "integrity": "sha512-QZv4sFWG9S5RUvkTYWbflxeZX+JG7Cz0Tn33rQBJ+WFQTqTfUTjMjiv9tnfXazjsO5r0KhPs+AqCjyrQX6h2ng==",
      "license": "MIT",
      "dependencies": {
        "loose-envify": "^1.3.1",
        "object-assign": "^4.1.1"
      }
    },
    "node_modules/csstype": {
      "version": "3.2.3",
      "resolved": "https://registry.npmjs.org/csstype/-/csstype-3.2.3.tgz",
      "integrity": "sha512-z1HGKcYy2xA8AGQfwrn0PAy+PB7X/GSj3UVJW9qKyn43xWa+gl5nXmU4qqLMRzWVLFC8KusUX8T/0kCiOYpAIQ==",
      "dev": true,
      "license": "MIT"
    },
    "node_modules/graylog-web-plugin": {
      "resolved": "../graylog2-server/graylog2-web-interface/packages/graylog-web-plugin",
      "link": true
    },
    "node_modules/hoist-non-react-statics": {
      "version": "3.3.2",
      "resolved": "https://registry.npmjs.org/hoist-non-react-statics/-/hoist-non-react-statics-3.3.2.tgz",
      "integrity": "sha512-/gGivxi8JPKWNm/W0jSmzcMPpfpPLc3dY/6GxhX2hQ9iGj3aDfklV4ET7NjKpSinLpJ5vafa9iiGIEZg10SfBw==",
      "dev": true,
      "license": "BSD-3-Clause",
      "dependencies": {
        "react-is": "^16.7.0"
      }
    },
    "node_modules/intl-messageformat": {
      "version": "10.7.7",
      "resolved": "https://registry.npmjs.org/intl-messageformat/-/intl-messageformat-10.7.7.tgz",
      "integrity": "sha512-F134jIoeYMro/3I0h08D0Yt4N9o9pjddU/4IIxMMURqbAtI2wu70X8hvG1V48W49zXHXv3RKSF/po+0fDfsGjA==",
      "dev": true,
      "license": "BSD-3-Clause",
      "dependencies": {
        "@formatjs/ecma402-abstract": "2.2.4",
        "@formatjs/fast-memoize": "2.2.3",
        "@formatjs/icu-messageformat-parser": "2.9.4",
        "tslib": "2"
      }
    },
    "node_modules/jquery": {
      "version": "3.7.1",
      "resolved": "https://registry.npmjs.org/jquery/-/jquery-3.7.1.tgz",
      "integrity": "sha512-m4avr8yL8kmFN8psrbFFFmB/If14iN5o9nw/NgnnM+kybDJpRsAynV2BsfpTYrTRysYUdADVD7CkUUizgkpLfg==",
      "dev": true,
      "license": "MIT"
    },
    "node_modules/js-tokens": {
      "version": "4.0.0",
      "resolved": "https://registry.npmjs.org/js-tokens/-/js-tokens-4.0.0.tgz",
      "integrity": "sha512-RdJUflcE3cUzKiMqQgsCu06FPu9UdIJO0beYbPhHN4k6apgJtifcoCtT9bcxOpYBtpD2kCM6Sbzg4CausW/PKQ==",
      "license": "MIT"
    },
    "node_modules/loose-envify": {
      "version": "1.4.0",
      "resolved": "https://registry.npmjs.org/loose-envify/-/loose-envify-1.4.0.tgz",
      "integrity": "sha512-lyuxPGr/Wfhrlem2CL/UcnUc1zcqKAImBDzukY7Y5F/yQiNdko6+fRLevlw1HgMySw7f611UIY408EtxRSoK3Q==",
      "license": "MIT",
      "dependencies": {
        "js-tokens": "^3.0.0 || ^4.0.0"
      },
      "bin": {
        "loose-envify": "cli.js"
      }
    },
    "node_modules/object-assign": {
      "version": "4.1.1",
      "resolved": "https://registry.npmjs.org/object-assign/-/object-assign-4.1.1.tgz",
      "integrity": "sha512-rJgTQnkUnH1sFw8yT6VSU3zD3sWmu6sZhIseY8VX+GRu3P6F7Fu+JNDoXfklElbLJSnc3FUQHVe4cU5hj+BcUg==",
      "license": "MIT",
      "engines": {
        "node": ">=0.10.0"
      }
    },
    "node_modules/react": {
      "version": "18.3.1",
      "resolved": "https://registry.npmjs.org/react/-/react-18.3.1.tgz",
      "integrity": "sha512-wS+hAgJShR0KhEvPJArfuPVN1+Hz1t0Y6n5jLrGQbkb4urgPE/0Rve+1kMB1v/oWgHgm4WIcV+i7F2pTVj+2iQ==",
      "dev": true,
      "license": "MIT",
      "peer": true,
      "dependencies": {
        "loose-envify": "^1.1.0"
      },
      "engines": {
        "node": ">=0.10.0"
      }
    },
    "node_modules/react-intl": {
      "version": "6.8.9",
      "resolved": "https://registry.npmjs.org/react-intl/-/react-intl-6.8.9.tgz",
      "integrity": "sha512-TUfj5E7lyUDvz/GtovC9OMh441kBr08rtIbgh3p0R8iF3hVY+V2W9Am7rb8BpJ/29BH1utJOqOOhmvEVh3GfZg==",
      "dev": true,
      "license": "BSD-3-Clause",
      "dependencies": {
        "@formatjs/ecma402-abstract": "2.2.4",
        "@formatjs/icu-messageformat-parser": "2.9.4",
        "@formatjs/intl": "2.10.15",
        "@formatjs/intl-displaynames": "6.8.5",
        "@formatjs/intl-listformat": "7.7.5",
        "@types/hoist-non-react-statics": "3",
        "@types/react": "16 || 17 || 18",
        "hoist-non-react-statics": "3",
        "intl-messageformat": "10.7.7",
        "tslib": "2"
      },
      "peerDependencies": {
        "react": "^16.6.0 || 17 || 18",
        "typescript": "^4.7 || 5"
      },
      "peerDependenciesMeta": {
        "typescript": {
          "optional": true
        }
      }
    },
    "node_modules/react-intl/node_modules/@types/hoist-non-react-statics": {
      "version": "3.3.7",
      "resolved": "https://registry.npmjs.org/@types/hoist-non-react-statics/-/hoist-non-react-statics-3.3.7.tgz",
      "integrity": "sha512-PQTyIulDkIDro8P+IHbKCsw7U2xxBYflVzW/FgWdCAePD9xGSidgA76/GeJ6lBKoblyhf9pBY763gbrN+1dI8g==",
      "dev": true,
      "license": "MIT",
      "dependencies": {
        "hoist-non-react-statics": "^3.3.0"
      },
      "peerDependencies": {
        "@types/react": "*"
      }
    },
    "node_modules/react-intl/node_modules/@types/react": {
      "version": "18.3.27",
      "resolved": "https://registry.npmjs.org/@types/react/-/react-18.3.27.tgz",
      "integrity": "sha512-cisd7gxkzjBKU2GgdYrTdtQx1SORymWyaAFhaxQPK9bYO9ot3Y5OikQRvY0VYQtvwjeQnizCINJAenh/V7MK2w==",
      "dev": true,
      "license": "MIT",
      "dependencies": {
        "@types/prop-types": "*",
        "csstype": "^3.2.2"
      }
    },
    "node_modules/react-is": {
      "version": "16.13.1",
      "resolved": "https://registry.npmjs.org/react-is/-/react-is-16.13.1.tgz",
      "integrity": "sha512-24e6ynE2H+OKt4kqsOvNd8kBpV65zoxbA4BVsEOB3ARVWQki/DHzaUoC5KuON/BiccDaCCTZBuOcfZs70kR8bQ==",
      "dev": true,
      "license": "MIT"
    },
    "node_modules/tslib": {
      "version": "2.8.1",
      "resolved": "https://registry.npmjs.org/tslib/-/tslib-2.8.1.tgz",
      "integrity": "sha512-oJFu94HQb+KVduSUQL7wnpmqnfmLsOA/nAh6b6EH0wCEoK0/mPeXU6c3wKDV83MkOuHPRHtSXKKU99IBazS/2w==",
      "dev": true,
      "license": "0BSD"
    },
    "node_modules/typeahead.js": {
      "version": "0.11.1",
      "resolved": "https://registry.npmjs.org/typeahead.js/-/typeahead.js-0.11.1.tgz",
      "integrity": "sha512-yGaLzGjVHyryZdNfrWz2NHXUwEO7hrlVmGMGCo5+6mH3nEEhcQ0Te3mK3G60uRnxfERu8twOWSU4WmwScbwhMg==",
      "dev": true,
      "dependencies": {
        "jquery": ">=1.7"
      }
    }
  }
}
